{
  "name": "carweb3-ai-agent",
  "lockfileVersion": 3,
  "requires": true,
  "packages": {
    "": {
      "name": "carweb3-ai-agent",
      "workspaces": [
        "apps/*",
        "packages/*"
      ],
      "devDependencies": {
        "prettier": "^3.5.3",
        "turbo": "^2.4.4",
        "typescript": "5.8.2"
      },
      "engines": {
        "node": ">=18"
      }
    },
    "config/eslint-config": {
      "name": "@repo/eslint-config",
      "version": "0.0.0",
      "extraneous": true,
      "devDependencies": {
        "@eslint/js": "^9.21.0",
        "@next/eslint-plugin-next": "^15.2.1",
        "eslint": "^9.21.0",
        "eslint-config-prettier": "^10.0.2",
        "eslint-plugin-only-warn": "^1.1.0",
        "eslint-plugin-react": "^7.37.4",
        "eslint-plugin-react-hooks": "^5.2.0",
        "eslint-plugin-turbo": "^2.4.4",
        "globals": "^16.0.0",
        "typescript": "^5.8.2",
        "typescript-eslint": "^8.26.0"
      }
    },
    "node_modules/prettier": {
      "version": "3.5.3",
      "dev": true,
      "license": "MIT",
      "bin": {
        "prettier": "bin/prettier.cjs"
      },
      "engines": {
        "node": ">=14"
      },
      "funding": {
        "url": "https://github.com/prettier/prettier?sponsor=1"
      }
    },
    "node_modules/turbo": {
      "version": "2.4.4",
      "dev": true,
      "license": "MIT",
      "bin": {
        "turbo": "bin/turbo"
      },
      "optionalDependencies": {
        "turbo-darwin-64": "2.4.4",
        "turbo-darwin-arm64": "2.4.4",
        "turbo-linux-64": "2.4.4",
        "turbo-linux-arm64": "2.4.4",
        "turbo-windows-64": "2.4.4",
        "turbo-windows-arm64": "2.4.4"
      }
    },
    "node_modules/turbo-linux-64": {
      "version": "2.4.4",
      "cpu": [
        "x64"
      ],
      "dev": true,
      "license": "MIT",
      "optional": true,
      "os": [
        "linux"
      ]
    },
    "node_modules/typescript": {
      "version": "5.8.2",
      "dev": true,
      "license": "Apache-2.0",
      "bin": {
        "tsc": "bin/tsc",
        "tsserver": "bin/tsserver"
      },
      "engines": {
        "node": ">=14.17"
      }
    }
  }
}
